{"1.2.0",
[{<<"bear">>,
  {git,"https://github.com/boundary/bear.git",
       {ref,"0717c73bdedd27055211f9234a6efc5588a1299c"}},
  0},
 {<<"brod">>,{pkg,<<"brod">>,<<"3.15.1">>},0},
 {<<"cowboy">>,
  {git,"https://github.com/ninenines/cowboy.git",
       {ref,"a8c717718a3f4dd7b4bc67fe7bebe3a4e7a7ed74"}},
  0},
 {<<"cowlib">>,
  {git,"https://github.com/ninenines/cowlib",
       {ref,"e2d7749f61b89cc6f8779ba66a5a8ab0fe85c827"}},
  1},
 {<<"crc32cer">>,{pkg,<<"crc32cer">>,<<"0.1.4">>},2},
 {<<"dotto">>,
  {git,"https://github.com/marianoguerra/dotto",
       {ref,"2e00625fbbee9cdeb64fc67ef55393b9fb715ec9"}},
  0},
 {<<"elarm">>,
  {git,"https://github.com/esl/elarm",
       {ref,"d5af5a9632df104724c8dec85a774a1421c4caae"}},
  0},
 {<<"eredis">>,
  {git,"https://github.com/wooga/eredis.git",
       {ref,"6845ed50e13f456ecd115bcf9de666a58a1529dc"}},
  0},
 {<<"erlsom">>,
  {git,"https://github.com/willemdj/erlsom",
       {ref,"ea934093ae1fe8186006acb86900e0d6284f1ef9"}},
  0},
 {<<"fuse">>,
  {git,"https://github.com/jlouis/fuse",
       {ref,"79d0817d5a2f97e9951fd736f1ba6a08c7b52b03"}},
  0},
 {<<"goldrush">>,{pkg,<<"goldrush">>,<<"0.1.9">>},1},
 {<<"jiffy">>,
  {git,"https://github.com/davisp/jiffy.git",
       {ref,"50daa80a62a97ffb6dd46ea9cb8ccb4930cbf1ae"}},
  0},
 {<<"jsone">>,{pkg,<<"jsone">>,<<"1.4.6">>},1},
 {<<"kafka_protocol">>,{pkg,<<"kafka_protocol">>,<<"2.3.6">>},1},
 {<<"lager">>,
  {git,"https://github.com/erlang-lager/lager",
       {ref,"e6b31784e65b838a10d0a533f4b838da8029e402"}},
  0},
 {<<"mysql">>,
  {git,"https://github.com/mysql-otp/mysql-otp.git",
       {ref,"1afd59677b3e2daf795f5fd77268e1dbc20f4c51"}},
  0},
 {<<"nested">>,
  {git,"https://github.com/odo/nested.git",
       {ref,"f47620f0ef9a290cda19c3345dc26436a9e48b9e"}},
  0},
 {<<"otter">>,
  {git,"https://github.com/Bluehouse-Technology/otter",
       {ref,"ccd19f21d9c9c7d12ff78e046f8a3784578bb01d"}},
  0},
 {<<"otter_lib">>,{pkg,<<"otter_lib">>,<<"0.1.1">>},1},
 {<<"proper">>,{pkg,<<"proper">>,<<"1.4.0">>},0},
 {<<"ranch">>,
  {git,"https://github.com/ninenines/ranch.git",
       {ref,"9c8520ab8e9c6f3890ac3251d04fbe0b9514940f"}},
  0},
 {<<"raven_erlang">>,
  {git,"https://github.com/artemeff/raven-erlang",
       {ref,"2a0017e17a523cbae4d692b1b670f887fb90df3f"}},
  0},
 {<<"recon">>,{pkg,<<"recon">>,<<"2.5.6">>},0},
 {<<"snappyer">>,{pkg,<<"snappyer">>,<<"1.2.5">>},2},
 {<<"supervisor3">>,{pkg,<<"supervisor3">>,<<"1.1.11">>},1},
 {<<"xxhash">>,
  {git,"https://github.com/pierreis/erlang-xxhash",
       {ref,"92fcfe57a74d3ea1fe794ccdfdf62ce4a036c01b"}},
  0}]}.
[
{pkg_hash,[
 {<<"brod">>, <<"073B0E16F4193291A05E01AE36351DDBA1BDA85AD4F90F66566C8123A335150E">>},
 {<<"crc32cer">>, <<"A656DFF19474D1A1FC5BB0081610AB6B0695B23AFFC47FA90ABEB079A8EF9752">>},
 {<<"goldrush">>, <<"F06E5D5F1277DA5C413E84D5A2924174182FB108DABB39D5EC548B27424CD106">>},
 {<<"jsone">>, <<"644D6D57BEFB22C8E19B324DEE19D73B1C004565009861A8F64C68B7B9E64DBF">>},
 {<<"kafka_protocol">>, <<"DF076A8EF49FFFAE3535C805CB00F3A057CE1895E63398BF8A10569EEEAC02F8">>},
 {<<"otter_lib">>, <<"9EF4401013C52F581278D7BEB15AE536DC629CDAC72DFEEBAC2384069F9461FD">>},
 {<<"proper">>, <<"89A44B8C39D28BB9B4BE8E4D715D534905B325470F2E0EC5E004D12484A79434">>},
 {<<"recon">>, <<"9052588E83BFEDFD9B72E1034532AEE2A5369D9D9343B61AEB7FBCE761010741">>},
 {<<"snappyer">>, <<"9154B9AC84031F0A799F72A4AA87DF23AB2193B5631475FA2CDC304382D2DF77">>},
 {<<"supervisor3">>, <<"D81CDEC31D102FDE407423E1D05B569572850DEEBED86B951D5233C387CBA80B">>}]},
{pkg_hash_ext,[
 {<<"brod">>, <<"170216364CB9C72201AB59416EC7283D5E3FC094406B03210DF6BE0347234C4E">>},
 {<<"crc32cer">>, <<"964735A5422CF65BBC5354860A560FFF546F0026F83F8860525BD58AB5BADE5D">>},
 {<<"goldrush">>, <<"99CB4128CFFCB3227581E5D4D803D5413FA643F4EB96523F77D9E6937D994CEB">>},
 {<<"jsone">>, <<"78EEE8BB38F0BEE2E73673D71BC75FC6FB01F56F0D23E769A26EEE3655487A38">>},
 {<<"kafka_protocol">>, <<"7CB061FE46BABC7FD269D2C0E5B4DBA5D1EFC4F7DACCE85B17A9CCA973106B23">>},
 {<<"otter_lib">>, <<"B467B2D0BE600BC374A6FEA4DBF679B60727152B39B4659AC067FC895CB4D236">>},
 {<<"proper">>, <<"18285842185BD33EFBDA97D134A5CB5A0884384DB36119FEE0E3CFA488568CBB">>},
 {<<"recon">>, <<"96C6799792D735CC0F0FD0F86267E9D351E63339CBE03DF9D162010CEFC26BB0">>},
 {<<"snappyer">>, <<"D2ADC26A81EFD5F138397A38A0BB545188D302972721F8BE0DE37FA452C8AED7">>},
 {<<"supervisor3">>, <<"E6C2DEDBCABCBA24995A218ACA12DB5E208B80D3252692B22EF0F1A266104B50">>}]}
].
